schema: '2.0'
stages:
  data_ingestion:
    cmd: python mycode/src/data_ingestion.py
    deps:
    - path: mycode/params.yaml
      hash: md5
      md5: 4c368bc1187ddc9c11f54b06cbec82c0
      size: 87
    - path: mycode/src/data_ingestion.py
      hash: md5
      md5: 8509e34e1da3bdb93254fd346bd50800
      size: 3350
    params:
      mycode/params.yaml:
        data_ingestion.test_size: 0.3
    outs:
    - path: data/raw
      hash: md5
      md5: 91a31bc72f4147244511bf019e42b0fe.dir
      size: 5829494
      nfiles: 2
  data_preprocessing:
    cmd: python mycode/src/data_preprocessing.py
    deps:
    - path: data/raw
      hash: md5
      md5: 91a31bc72f4147244511bf019e42b0fe.dir
      size: 5829494
      nfiles: 2
    - path: mycode/src/data_preprocessing.py
      hash: md5
      md5: aa0cd6165596f83eb832c5f2d8ded217
      size: 2768
    outs:
    - path: data/interim
      hash: md5
      md5: 545eeddc178a87877c7b6a7068d628b8.dir
      size: 4968835
      nfiles: 2
  feature_engineering:
    cmd: python mycode/src/feature_engineering.py
    deps:
    - path: data/interim
      hash: md5
      md5: 545eeddc178a87877c7b6a7068d628b8.dir
      size: 4968835
      nfiles: 2
    - path: mycode/params.yaml
      hash: md5
      md5: 4c368bc1187ddc9c11f54b06cbec82c0
      size: 87
    - path: mycode/src/feature_engineering.py
      hash: md5
      md5: 0be783f8938dbcd5557626d919be08dd
      size: 3748
    params:
      mycode/params.yaml:
        feature_engineering.m_days: 1
        feature_engineering.n_hours: 2
    outs:
    - path: data/processed
      hash: md5
      md5: 02f847572cfb8f31ce802cf80dd99109.dir
      size: 6960445
      nfiles: 2
  model_building:
    cmd: python mycode/src/model_building.py
    deps:
    - path: data/processed/train_final.csv
      hash: md5
      md5: fbee54daa191d4eec707398921b71d67
      size: 4850598
    - path: mycode/src/model_building.py
      hash: md5
      md5: a186290aa65e1868217ec676e5a3b662
      size: 3057
    outs:
    - path: models/model.pkl
      hash: md5
      md5: 8d03d42fa9f75326ac21f329841a702c
      size: 419008
  model_evaluation:
    cmd: python mycode/src/model_evaluation.py
    deps:
    - path: data/processed/test_final.csv
      hash: md5
      md5: c929f552baa195a722161a59d6064a5e
      size: 2109847
    - path: models/model.pkl
      hash: md5
      md5: 8d03d42fa9f75326ac21f329841a702c
      size: 419008
    - path: mycode/params.yaml
      hash: md5
      md5: 4c368bc1187ddc9c11f54b06cbec82c0
      size: 87
    - path: mycode/src/model_evaluation.py
      hash: md5
      md5: 86a846f7ffc81ba0e6fef82b43ebc709
      size: 4446
    outs:
    - path: reports/metrics.json
      hash: md5
      md5: f8ecb7e1401788415f9209163f48391c
      size: 101
